// !$*UTF8*$!
{
	archiveVersion = 1;
	classes = {
	};
	objectVersion = 46;
	objects = {

/* Begin PBXBuildFile section */
		47E4557D1B5E04CB00A7AB48 /* AppDelegate.swift in Sources */ = {isa = PBXBuildFile; fileRef = 47E4557C1B5E04CB00A7AB48 /* AppDelegate.swift */; };
		47E4557F1B5E04CB00A7AB48 /* ViewController.swift in Sources */ = {isa = PBXBuildFile; fileRef = 47E4557E1B5E04CB00A7AB48 /* ViewController.swift */; };
		47E455821B5E04CC00A7AB48 /* Main.storyboard in Resources */ = {isa = PBXBuildFile; fileRef = 47E455801B5E04CC00A7AB48 /* Main.storyboard */; };
		47E455841B5E04CC00A7AB48 /* Images.xcassets in Resources */ = {isa = PBXBuildFile; fileRef = 47E455831B5E04CC00A7AB48 /* Images.xcassets */; };
		47E455871B5E04CC00A7AB48 /* LaunchScreen.xib in Resources */ = {isa = PBXBuildFile; fileRef = 47E455851B5E04CC00A7AB48 /* LaunchScreen.xib */; };
		47E455931B5E04CC00A7AB48 /* tableViewCollectionViewTests.swift in Sources */ = {isa = PBXBuildFile; fileRef = 47E455921B5E04CC00A7AB48 /* tableViewCollectionViewTests.swift */; };
		47E4559D1B5E0FB500A7AB48 /* TableData.swift in Sources */ = {isa = PBXBuildFile; fileRef = 47E4559C1B5E0FB500A7AB48 /* TableData.swift */; };
		47E4559F1B5E0FC600A7AB48 /* TableAPI.swift in Sources */ = {isa = PBXBuildFile; fileRef = 47E4559E1B5E0FC600A7AB48 /* TableAPI.swift */; };
		47E455A11B5E172900A7AB48 /* collectionView.swift in Sources */ = {isa = PBXBuildFile; fileRef = 47E455A01B5E172900A7AB48 /* collectionView.swift */; };
		47E455A31B5E2DF600A7AB48 /* CollectAPI.swift in Sources */ = {isa = PBXBuildFile; fileRef = 47E455A21B5E2DF600A7AB48 /* CollectAPI.swift */; };
		47E455A51B5E2E9300A7AB48 /* CollectData.swift in Sources */ = {isa = PBXBuildFile; fileRef = 47E455A41B5E2E9300A7AB48 /* CollectData.swift */; };
/* End PBXBuildFile section */

/* Begin PBXContainerItemProxy section */
		47E4558D1B5E04CC00A7AB48 /* PBXContainerItemProxy */ = {
			isa = PBXContainerItemProxy;
			containerPortal = 47E4556F1B5E04CB00A7AB48 /* Project object */;
			proxyType = 1;
			remoteGlobalIDString = 47E455761B5E04CB00A7AB48;
			remoteInfo = tableViewCollectionView;
		};
/* End PBXContainerItemProxy section */

/* Begin PBXFileReference section */
		47E455771B5E04CB00A7AB48 /* tableViewCollectionView.app */ = {isa = PBXFileReference; explicitFileType = wrapper.application; includeInIndex = 0; path = tableViewCollectionView.app; sourceTree = BUILT_PRODUCTS_DIR; };
		47E4557B1B5E04CB00A7AB48 /* Info.plist */ = {isa = PBXFileReference; lastKnownFileType = text.plist.xml; path = Info.plist; sourceTree = "<group>"; };
		47E4557C1B5E04CB00A7AB48 /* AppDelegate.swift */ = {isa = PBXFileReference; lastKnownFileType = sourcecode.swift; path = AppDelegate.swift; sourceTree = "<group>"; };
		47E4557E1B5E04CB00A7AB48 /* ViewController.swift */ = {isa = PBXFileReference; lastKnownFileType = sourcecode.swift; path = ViewController.swift; sourceTree = "<group>"; };
		47E455811B5E04CC00A7AB48 /* Base */ = {isa = PBXFileReference; lastKnownFileType = file.storyboard; name = Base; path = Base.lproj/Main.storyboard; sourceTree = "<group>"; };
		47E455831B5E04CC00A7AB48 /* Images.xcassets */ = {isa = PBXFileReference; lastKnownFileType = folder.assetcatalog; path = Images.xcassets; sourceTree = "<group>"; };
		47E455861B5E04CC00A7AB48 /* Base */ = {isa = PBXFileReference; lastKnownFileType = file.xib; name = Base; path = Base.lproj/LaunchScreen.xib; sourceTree = "<group>"; };
		47E4558C1B5E04CC00A7AB48 /* tableViewCollectionViewTests.xctest */ = {isa = PBXFileReference; explicitFileType = wrapper.cfbundle; includeInIndex = 0; path = tableViewCollectionViewTests.xctest; sourceTree = BUILT_PRODUCTS_DIR; };
		47E455911B5E04CC00A7AB48 /* Info.plist */ = {isa = PBXFileReference; lastKnownFileType = text.plist.xml; path = Info.plist; sourceTree = "<group>"; };
		47E455921B5E04CC00A7AB48 /* tableViewCollectionViewTests.swift */ = {isa = PBXFileReference; lastKnownFileType = sourcecode.swift; path = tableViewCollectionViewTests.swift; sourceTree = "<group>"; };
		47E4559C1B5E0FB500A7AB48 /* TableData.swift */ = {isa = PBXFileReference; fileEncoding = 4; lastKnownFileType = sourcecode.swift; path = TableData.swift; sourceTree = "<group>"; };
		47E4559E1B5E0FC600A7AB48 /* TableAPI.swift */ = {isa = PBXFileReference; fileEncoding = 4; lastKnownFileType = sourcecode.swift; path = TableAPI.swift; sourceTree = "<group>"; };
		47E455A01B5E172900A7AB48 /* collectionView.swift */ = {isa = PBXFileReference; fileEncoding = 4; lastKnownFileType = sourcecode.swift; path = collectionView.swift; sourceTree = "<group>"; };
		47E455A21B5E2DF600A7AB48 /* CollectAPI.swift */ = {isa = PBXFileReference; fileEncoding = 4; lastKnownFileType = sourcecode.swift; path = CollectAPI.swift; sourceTree = "<group>"; };
		47E455A41B5E2E9300A7AB48 /* CollectData.swift */ = {isa = PBXFileReference; fileEncoding = 4; lastKnownFileType = sourcecode.swift; path = CollectData.swift; sourceTree = "<group>"; };
/* End PBXFileReference section */

/* Begin PBXFrameworksBuildPhase section */
		47E455741B5E04CB00A7AB48 /* Frameworks */ = {
			isa = PBXFrameworksBuildPhase;
			buildActionMask = 2147483647;
			files = (
			);
			runOnlyForDeploymentPostprocessing = 0;
		};
		47E455891B5E04CC00A7AB48 /* Frameworks */ = {
			isa = PBXFrameworksBuildPhase;
			buildActionMask = 2147483647;
			files = (
			);
			runOnlyForDeploymentPostprocessing = 0;
		};
/* End PBXFrameworksBuildPhase section */

/* Begin PBXGroup section */
		47E4556E1B5E04CB00A7AB48 = {
			isa = PBXGroup;
			children = (
				47E455791B5E04CB00A7AB48 /* tableViewCollectionView */,
				47E4558F1B5E04CC00A7AB48 /* tableViewCollectionViewTests */,
				47E455781B5E04CB00A7AB48 /* Products */,
			);
			sourceTree = "<group>";
		};
		47E455781B5E04CB00A7AB48 /* Products */ = {
			isa = PBXGroup;
			children = (
				47E455771B5E04CB00A7AB48 /* tableViewCollectionView.app */,
				47E4558C1B5E04CC00A7AB48 /* tableViewCollectionViewTests.xctest */,
			);
			name = Products;
			sourceTree = "<group>";
		};
		47E455791B5E04CB00A7AB48 /* tableViewCollectionView */ = {
			isa = PBXGroup;
			children = (
				47E4557C1B5E04CB00A7AB48 /* AppDelegate.swift */,
				47E4557E1B5E04CB00A7AB48 /* ViewController.swift */,
				47E455801B5E04CC00A7AB48 /* Main.storyboard */,
				47E455831B5E04CC00A7AB48 /* Images.xcassets */,
				47E455851B5E04CC00A7AB48 /* LaunchScreen.xib */,
				47E4557A1B5E04CB00A7AB48 /* Supporting Files */,
				47E4559C1B5E0FB500A7AB48 /* TableData.swift */,
				47E4559E1B5E0FC600A7AB48 /* TableAPI.swift */,
				47E455A01B5E172900A7AB48 /* collectionView.swift */,
				47E455A21B5E2DF600A7AB48 /* CollectAPI.swift */,
				47E455A41B5E2E9300A7AB48 /* CollectData.swift */,
			);
			path = tableViewCollectionView;
			sourceTree = "<group>";
		};
		47E4557A1B5E04CB00A7AB48 /* Supporting Files */ = {
			isa = PBXGroup;
			children = (
				47E4557B1B5E04CB00A7AB48 /* Info.plist */,
			);
			name = "Supporting Files";
			sourceTree = "<group>";
		};
		47E4558F1B5E04CC00A7AB48 /* tableViewCollectionViewTests */ = {
			isa = PBXGroup;
			children = (
				47E455921B5E04CC00A7AB48 /* tableViewCollectionViewTests.swift */,
				47E455901B5E04CC00A7AB48 /* Supporting Files */,
			);
			path = tableViewCollectionViewTests;
			sourceTree = "<group>";
		};
		47E455901B5E04CC00A7AB48 /* Supporting Files */ = {
			isa = PBXGroup;
			children = (
				47E455911B5E04CC00A7AB48 /* Info.plist */,
			);
			name = "Supporting Files";
			sourceTree = "<group>";
		};
/* End PBXGroup section */

/* Begin PBXNativeTarget section */
		47E455761B5E04CB00A7AB48 /* tableViewCollectionView */ = {
			isa = PBXNativeTarget;
			buildConfigurationList = 47E455961B5E04CC00A7AB48 /* Build configuration list for PBXNativeTarget "tableViewCollectionView" */;
			buildPhases = (
				47E455731B5E04CB00A7AB48 /* Sources */,
				47E455741B5E04CB00A7AB48 /* Frameworks */,
				47E455751B5E04CB00A7AB48 /* Resources */,
			);
			buildRules = (
			);
			dependencies = (
			);
			name = tableViewCollectionView;
			productName = tableViewCollectionView;
			productReference = 47E455771B5E04CB00A7AB48 /* tableViewCollectionView.app */;
			productType = "com.apple.product-type.application";
		};
		47E4558B1B5E04CC00A7AB48 /* tableViewCollectionViewTests */ = {
			isa = PBXNativeTarget;
			buildConfigurationList = 47E455991B5E04CC00A7AB48 /* Build configuration list for PBXNativeTarget "tableViewCollectionViewTests" */;
			buildPhases = (
				47E455881B5E04CC00A7AB48 /* Sources */,
				47E455891B5E04CC00A7AB48 /* Frameworks */,
				47E4558A1B5E04CC00A7AB48 /* Resources */,
			);
			buildRules = (
			);
			dependencies = (
				47E4558E1B5E04CC00A7AB48 /* PBXTargetDependency */,
			);
			name = tableViewCollectionViewTests;
			productName = tableViewCollectionViewTests;
			productReference = 47E4558C1B5E04CC00A7AB48 /* tableViewCollectionViewTests.xctest */;
			productType = "com.apple.product-type.bundle.unit-test";
		};
/* End PBXNativeTarget section */

/* Begin PBXProject section */
		47E4556F1B5E04CB00A7AB48 /* Project object */ = {
			isa = PBXProject;
			attributes = {
				LastUpgradeCheck = 0630;
				ORGANIZATIONNAME = "Dignitas Digital";
				TargetAttributes = {
					47E455761B5E04CB00A7AB48 = {
						CreatedOnToolsVersion = 6.3.2;
					};
					47E4558B1B5E04CC00A7AB48 = {
						CreatedOnToolsVersion = 6.3.2;
						TestTargetID = 47E455761B5E04CB00A7AB48;
					};
				};
			};
			buildConfigurationList = 47E455721B5E04CB00A7AB48 /* Build configuration list for PBXProject "tableViewCollectionView" */;
			compatibilityVersion = "Xcode 3.2";
			developmentRegion = English;
			hasScannedForEncodings = 0;
			knownRegions = (
				en,
				Base,
			);
			mainGroup = 47E4556E1B5E04CB00A7AB48;
			productRefGroup = 47E455781B5E04CB00A7AB48 /* Products */;
			projectDirPath = "";
			projectRoot = "";
			targets = (
				47E455761B5E04CB00A7AB48 /* tableViewCollectionView */,
				47E4558B1B5E04CC00A7AB48 /* tableViewCollectionViewTests */,
			);
		};
/* End PBXProject section */

/* Begin PBXResourcesBuildPhase section */
		47E455751B5E04CB00A7AB48 /* Resources */ = {
			isa = PBXResourcesBuildPhase;
			buildActionMask = 2147483647;
			files = (
				47E455821B5E04CC00A7AB48 /* Main.storyboard in Resources */,
				47E455871B5E04CC00A7AB48 /* LaunchScreen.xib in Resources */,
				47E455841B5E04CC00A7AB48 /* Images.xcassets in Resources */,
			);
			runOnlyForDeploymentPostprocessing = 0;
		};
		47E4558A1B5E04CC00A7AB48 /* Resources */ = {
			isa = PBXResourcesBuildPhase;
			buildActionMask = 2147483647;
			files = (
			);
			runOnlyForDeploymentPostprocessing = 0;
		};
/* End PBXResourcesBuildPhase section */

/* Begin PBXSourcesBuildPhase section */
		47E455731B5E04CB00A7AB48 /* Sources */ = {
			isa = PBXSourcesBuildPhase;
			buildActionMask = 2147483647;
			files = (
				47E4559D1B5E0FB500A7AB48 /* TableData.swift in Sources */,
				47E455A51B5E2E9300A7AB48 /* CollectData.swift in Sources */,
				47E455A31B5E2DF600A7AB48 /* CollectAPI.swift in Sources */,
				47E455A11B5E172900A7AB48 /* collectionView.swift in Sources */,
				47E4557F1B5E04CB00A7AB48 /* ViewController.swift in Sources */,
				47E4557D1B5E04CB00A7AB48 /* AppDelegate.swift in Sources */,
				47E4559F1B5E0FC600A7AB48 /* TableAPI.swift in Sources */,
			);
			runOnlyForDeploymentPostprocessing = 0;
		};
		47E455881B5E04CC00A7AB48 /* Sources */ = {
			isa = PBXSourcesBuildPhase;
			buildActionMask = 2147483647;
			files = (
				47E455931B5E04CC00A7AB48 /* tableViewCollectionViewTests.swift in Sources */,
			);
			runOnlyForDeploymentPostprocessing = 0;
		};
/* End PBXSourcesBuildPhase section */

/* Begin PBXTargetDependency section */
		47E4558E1B5E04CC00A7AB48 /* PBXTargetDependency */ = {
			isa = PBXTargetDependency;
			target = 47E455761B5E04CB00A7AB48 /* tableViewCollectionView */;
			targetProxy = 47E4558D1B5E04CC00A7AB48 /* PBXContainerItemProxy */;
		};
/* End PBXTargetDependency section */

/* Begin PBXVariantGroup section */
		47E455801B5E04CC00A7AB48 /* Main.storyboard */ = {
			isa = PBXVariantGroup;
			children = (
				47E455811B5E04CC00A7AB48 /* Base */,
			);
			name = Main.storyboard;
			sourceTree = "<group>";
		};
		47E455851B5E04CC00A7AB48 /* LaunchScreen.xib */ = {
			isa = PBXVariantGroup;
			children = (
				47E455861B5E04CC00A7AB48 /* Base */,
			);
			name = LaunchScreen.xib;
			sourceTree = "<group>";
		};
/* End PBXVariantGroup section */

/* Begin XCBuildConfiguration section */
		47E455941B5E04CC00A7AB48 /* Debug */ = {
			isa = XCBuildConfiguration;
			buildSettings = {
				ALWAYS_SEARCH_USER_PATHS = NO;
				CLANG_CXX_LANGUAGE_STANDARD = "gnu++0x";
				CLANG_CXX_LIBRARY = "libc++";
				CLANG_ENABLE_MODULES = YES;
				CLANG_ENABLE_OBJC_ARC = YES;
				CLANG_WARN_BOOL_CONVERSION = YES;
				CLANG_WARN_CONSTANT_CONVERSION = YES;
				CLANG_WARN_DIRECT_OBJC_ISA_USAGE = YES_ERROR;
				CLANG_WARN_EMPTY_BODY = YES;
				CLANG_WARN_ENUM_CONVERSION = YES;
				CLANG_WARN_INT_CONVERSION = YES;
				CLANG_WARN_OBJC_ROOT_CLASS = YES_ERROR;
				CLANG_WARN_UNREACHABLE_CODE = YES;
				CLANG_WARN__DUPLICATE_METHOD_MATCH = YES;
				"CODE_SIGN_IDENTITY[sdk=iphoneos*]" = "iPhone Developer";
				COPY_PHASE_STRIP = NO;
				DEBUG_INFORMATION_FORMAT = "dwarf-with-dsym";
				ENABLE_STRICT_OBJC_MSGSEND = YES;
				GCC_C_LANGUAGE_STANDARD = gnu99;
				GCC_DYNAMIC_NO_PIC = NO;
				GCC_NO_COMMON_BLOCKS = YES;
				GCC_OPTIMIZATION_LEVEL = 0;
				GCC_PREPROCESSOR_DEFINITIONS = (
					"DEBUG=1",
					"$(inherited)",
				);
				GCC_SYMBOLS_PRIVATE_EXTERN = NO;
				GCC_WARN_64_TO_32_BIT_CONVERSION = YES;
				GCC_WARN_ABOUT_RETURN_TYPE = YES_ERROR;
				GCC_WARN_UNDECLARED_SELECTOR = YES;
				GCC_WARN_UNINITIALIZED_AUTOS = YES_AGGRESSIVE;
				GCC_WARN_UNUSED_FUNCTION = YES;
				GCC_WARN_UNUSED_VARIABLE = YES;
				IPHONEOS_DEPLOYMENT_TARGET = 8.3;
				MTL_ENABLE_DEBUG_INFO = YES;
				ONLY_ACTIVE_ARCH = YES;
				SDKROOT = iphoneos;
				SWIFT_OPTIMIZATION_LEVEL = "-Onone";
			};
			name = Debug;
		};
		47E455951B5E04CC00A7AB48 /* Release */ = {
			isa = XCBuildConfiguration;
			buildSettings = {
				ALWAYS_SEARCH_USER_PATHS = NO;
				CLANG_CXX_LANGUAGE_STANDARD = "gnu++0x";
				CLANG_CXX_LIBRARY = "libc++";
				CLANG_ENABLE_MODULES = YES;
				CLANG_ENABLE_OBJC_ARC = YES;
				CLANG_WARN_BOOL_CONVERSION = YES;
				CLANG_WARN_CONSTANT_CONVERSION = YES;
				CLANG_WARN_DIRECT_OBJC_ISA_USAGE = YES_ERROR;
				CLANG_WARN_EMPTY_BODY = YES;
				CLANG_WARN_ENUM_CONVERSION = YES;
				CLANG_WARN_INT_CONVERSION = YES;
				CLANG_WARN_OBJC_ROOT_CLASS = YES_ERROR;
				CLANG_WARN_UNREACHABLE_CODE = YES;
				CLANG_WARN__DUPLICATE_METHOD_MATCH = YES;
				"CODE_SIGN_IDENTITY[sdk=iphoneos*]" = "iPhone Developer";
				COPY_PHASE_STRIP = NO;
				DEBUG_INFORMATION_FORMAT = "dwarf-with-dsym";
				ENABLE_NS_ASSERTIONS = NO;
				ENABLE_STRICT_OBJC_MSGSEND = YES;
				GCC_C_LANGUAGE_STANDARD = gnu99;
				GCC_NO_COMMON_BLOCKS = YES;
				GCC_WARN_64_TO_32_BIT_CONVERSION = YES;
				GCC_WARN_ABOUT_RETURN_TYPE = YES_ERROR;
				GCC_WARN_UNDECLARED_SELECTOR = YES;
				GCC_WARN_UNINITIALIZED_AUTOS = YES_AGGRESSIVE;
				GCC_WARN_UNUSED_FUNCTION = YES;
				GCC_WARN_UNUSED_VARIABLE = YES;
				IPHONEOS_DEPLOYMENT_TARGET = 8.3;
				MTL_ENABLE_DEBUG_INFO = NO;
				SDKROOT = iphoneos;
				VALIDATE_PRODUCT = YES;
			};
			name = Release;
		};
		47E455971B5E04CC00A7AB48 /* Debug */ = {
			isa = XCBuildConfiguration;
			buildSettings = {
				ASSETCATALOG_COMPILER_APPICON_NAME = AppIcon;
				INFOPLIST_FILE = tableViewCollectionView/Info.plist;
				LD_RUNPATH_SEARCH_PATHS = "$(inherited) @executable_path/Frameworks";
				PRODUCT_NAME = "$(TARGET_NAME)";
			};
			name = Debug;
		};
		47E455981B5E04CC00A7AB48 /* Release */ = {
			isa = XCBuildConfiguration;
			buildSettings = {
				ASSETCATALOG_COMPILER_APPICON_NAME = AppIcon;
				INFOPLIST_FILE = tableViewCollectionView/Info.plist;
				LD_RUNPATH_SEARCH_PATHS = "$(inherited) @executable_path/Frameworks";
				PRODUCT_NAME = "$(TARGET_NAME)";
			};
			name = Release;
		};
		47E4559A1B5E04CC00A7AB48 /* Debug */ = {
			isa = XCBuildConfiguration;
			buildSettings = {
				BUNDLE_LOADER = "$(TEST_HOST)";
				FRAMEWORK_SEARCH_PATHS = (
					"$(SDKROOT)/Developer/Library/Frameworks",
					"$(inherited)",
				);
				GCC_PREPROCESSOR_DEFINITIONS = (
					"DEBUG=1",
					"$(inherited)",
				);
				INFOPLIST_FILE = tableViewCollectionViewTests/Info.plist;
				LD_RUNPATH_SEARCH_PATHS = "$(inherited) @executable_path/Frameworks @loader_path/Frameworks";
				PRODUCT_NAME = "$(TARGET_NAME)";
				TEST_HOST = "$(BUILT_PRODUCTS_DIR)/tableViewCollectionView.app/tableViewCollectionView";
			};
			name = Debug;
		};
		47E4559B1B5E04CC00A7AB48 /* Release */ = {
			isa = XCBuildConfiguration;
			buildSettings = {
				BUNDLE_LOADER = "$(TEST_HOST)";
				FRAMEWORK_SEARCH_PATHS = (
					"$(SDKROOT)/Developer/Library/Frameworks",
					"$(inherited)",
				);
				INFOPLIST_FILE = tableViewCollectionViewTests/Info.plist;
				LD_RUNPATH_SEARCH_PATHS = "$(inherited) @executable_path/Frameworks @loader_path/Frameworks";
				PRODUCT_NAME = "$(TARGET_NAME)";
				TEST_HOST = "$(BUILT_PRODUCTS_DIR)/tableViewCollectionView.app/tableViewCollectionView";
			};
			name = Release;
		};
/* End XCBuildConfiguration section */

/* Begin XCConfigurationList section */
		47E455721B5E04CB00A7AB48 /* Build configuration list for PBXProject "tableViewCollectionView" */ = {
			isa = XCConfigurationList;
			buildConfigurations = (
				47E455941B5E04CC00A7AB48 /* Debug */,
				47E455951B5E04CC00A7AB48 /* Release */,
			);
			defaultConfigurationIsVisible = 0;
			defaultConfigurationName = Release;
		};
		47E455961B5E04CC00A7AB48 /* Build configuration list for PBXNativeTarget "tableViewCollectionView" */ = {
			isa = XCConfigurationList;
			buildConfigurations = (
				47E455971B5E04CC00A7AB48 /* Debug */,
				47E455981B5E04CC00A7AB48 /* Release */,
			);
			defaultConfigurationIsVisible = 0;
		};
		47E455991B5E04CC00A7AB48 /* Build configuration list for PBXNativeTarget "tableViewCollectionViewTests" */ = {
			isa = XCConfigurationList;
			buildConfigurations = (
				47E4559A1B5E04CC00A7AB48 /* Debug */,
				47E4559B1B5E04CC00A7AB48 /* Release */,
			);
			defaultConfigurationIsVisible = 0;
		};
/* End XCConfigurationList section */
	};
	rootObject = 47E4556F1B5E04CB00A7AB48 /* Project object */;
}
